// !$*UTF8*$!
{
	archiveVersion = 1;
	classes = {
	};
	objectVersion = 50;
	objects = {

/* Begin PBXBuildFile section */
		D94B6073264E557100F0E004 /* AppDelegate.swift in Sources */ = {isa = PBXBuildFile; fileRef = D94B6072264E557100F0E004 /* AppDelegate.swift */; };
		D94B6075264E557100F0E004 /* SceneDelegate.swift in Sources */ = {isa = PBXBuildFile; fileRef = D94B6074264E557100F0E004 /* SceneDelegate.swift */; };
		D94B6077264E557100F0E004 /* ViewController.swift in Sources */ = {isa = PBXBuildFile; fileRef = D94B6076264E557100F0E004 /* ViewController.swift */; };
		D94B607A264E557100F0E004 /* Main.storyboard in Resources */ = {isa = PBXBuildFile; fileRef = D94B6078264E557100F0E004 /* Main.storyboard */; };
		D94B607C264E557200F0E004 /* Assets.xcassets in Resources */ = {isa = PBXBuildFile; fileRef = D94B607B264E557200F0E004 /* Assets.xcassets */; };
		D94B607F264E557200F0E004 /* LaunchScreen.storyboard in Resources */ = {isa = PBXBuildFile; fileRef = D94B607D264E557200F0E004 /* LaunchScreen.storyboard */; };
		D94B6087264E55A900F0E004 /* questionFile.swift in Sources */ = {isa = PBXBuildFile; fileRef = D94B6086264E55A900F0E004 /* questionFile.swift */; };
/* End PBXBuildFile section */

/* Begin PBXFileReference section */
		D94B606F264E557100F0E004 /* questionQNA.app */ = {isa = PBXFileReference; explicitFileType = wrapper.application; includeInIndex = 0; path = questionQNA.app; sourceTree = BUILT_PRODUCTS_DIR; };
		D94B6072264E557100F0E004 /* AppDelegate.swift */ = {isa = PBXFileReference; lastKnownFileType = sourcecode.swift; path = AppDelegate.swift; sourceTree = "<group>"; };
		D94B6074264E557100F0E004 /* SceneDelegate.swift */ = {isa = PBXFileReference; lastKnownFileType = sourcecode.swift; path = SceneDelegate.swift; sourceTree = "<group>"; };
		D94B6076264E557100F0E004 /* ViewController.swift */ = {isa = PBXFileReference; lastKnownFileType = sourcecode.swift; path = ViewController.swift; sourceTree = "<group>"; };
		D94B6079264E557100F0E004 /* Base */ = {isa = PBXFileReference; lastKnownFileType = file.storyboard; name = Base; path = Base.lproj/Main.storyboard; sourceTree = "<group>"; };
		D94B607B264E557200F0E004 /* Assets.xcassets */ = {isa = PBXFileReference; lastKnownFileType = folder.assetcatalog; path = Assets.xcassets; sourceTree = "<group>"; };
		D94B607E264E557200F0E004 /* Base */ = {isa = PBXFileReference; lastKnownFileType = file.storyboard; name = Base; path = Base.lproj/LaunchScreen.storyboard; sourceTree = "<group>"; };
		D94B6080264E557200F0E004 /* Info.plist */ = {isa = PBXFileReference; lastKnownFileType = text.plist.xml; path = Info.plist; sourceTree = "<group>"; };
		D94B6086264E55A900F0E004 /* questionFile.swift */ = {isa = PBXFileReference; lastKnownFileType = sourcecode.swift; path = questionFile.swift; sourceTree = "<group>"; };
/* End PBXFileReference section */

/* Begin PBXFrameworksBuildPhase section */
		D94B606C264E557100F0E004 /* Frameworks */ = {
			isa = PBXFrameworksBuildPhase;
			buildActionMask = 2147483647;
			files = (
			);
			runOnlyForDeploymentPostprocessing = 0;
		};
/* End PBXFrameworksBuildPhase section */

/* Begin PBXGroup section */
		D94B6066264E557100F0E004 = {
			isa = PBXGroup;
			children = (
				D94B6071264E557100F0E004 /* questionQNA */,
				D94B6070264E557100F0E004 /* Products */,
			);
			sourceTree = "<group>";
		};
		D94B6070264E557100F0E004 /* Products */ = {
			isa = PBXGroup;
			children = (
				D94B606F264E557100F0E004 /* questionQNA.app */,
			);
			name = Products;
			sourceTree = "<group>";
		};
		D94B6071264E557100F0E004 /* questionQNA */ = {
			isa = PBXGroup;
			children = (
				D94B6072264E557100F0E004 /* AppDelegate.swift */,
				D94B6074264E557100F0E004 /* SceneDelegate.swift */,
				D94B6076264E557100F0E004 /* ViewController.swift */,
				D94B6078264E557100F0E004 /* Main.storyboard */,
				D94B6086264E55A900F0E004 /* questionFile.swift */,
				D94B607B264E557200F0E004 /* Assets.xcassets */,
				D94B607D264E557200F0E004 /* LaunchScreen.storyboard */,
				D94B6080264E557200F0E004 /* Info.plist */,
			);
			path = questionQNA;
			sourceTree = "<group>";
		};
/* End PBXGroup section */

/* Begin PBXNativeTarget section */
		D94B606E264E557100F0E004 /* questionQNA */ = {
			isa = PBXNativeTarget;
			buildConfigurationList = D94B6083264E557200F0E004 /* Build configuration list for PBXNativeTarget "questionQNA" */;
			buildPhases = (
				D94B606B264E557100F0E004 /* Sources */,
				D94B606C264E557100F0E004 /* Frameworks */,
				D94B606D264E557100F0E004 /* Resources */,
			);
			buildRules = (
			);
			dependencies = (
			);
			name = questionQNA;
			productName = questionQNA;
			productReference = D94B606F264E557100F0E004 /* questionQNA.app */;
			productType = "com.apple.product-type.application";
		};
/* End PBXNativeTarget section */

/* Begin PBXProject section */
		D94B6067264E557100F0E004 /* Project object */ = {
			isa = PBXProject;
			attributes = {
				LastSwiftUpdateCheck = 1250;
				LastUpgradeCheck = 1250;
				TargetAttributes = {
					D94B606E264E557100F0E004 = {
						CreatedOnToolsVersion = 12.5;
					};
				};
			};
			buildConfigurationList = D94B606A264E557100F0E004 /* Build configuration list for PBXProject "questionQNA" */;
			compatibilityVersion = "Xcode 9.3";
			developmentRegion = en;
			hasScannedForEncodings = 0;
			knownRegions = (
				en,
				Base,
			);
			mainGroup = D94B6066264E557100F0E004;
			productRefGroup = D94B6070264E557100F0E004 /* Products */;
			projectDirPath = "";
			projectRoot = "";
			targets = (
				D94B606E264E557100F0E004 /* questionQNA */,
			);
		};
/* End PBXProject section */

/* Begin PBXResourcesBuildPhase section */
		D94B606D264E557100F0E004 /* Resources */ = {
			isa = PBXResourcesBuildPhase;
			buildActionMask = 2147483647;
			files = (
				D94B607F264E557200F0E004 /* LaunchScreen.storyboard in Resources */,
				D94B607C264E557200F0E004 /* Assets.xcassets in Resources */,
				D94B607A264E557100F0E004 /* Main.storyboard in Resources */,
			);
			runOnlyForDeploymentPostprocessing = 0;
		};
/* End PBXResourcesBuildPhase section */

/* Begin PBXSourcesBuildPhase section */
		D94B606B264E557100F0E004 /* Sources */ = {
			isa = PBXSourcesBuildPhase;
			buildActionMask = 2147483647;
			files = (
				D94B6077264E557100F0E004 /* ViewController.swift in Sources */,
				D94B6087264E55A900F0E004 /* questionFile.swift in Sources */,
				D94B6073264E557100F0E004 /* AppDelegate.swift in Sources */,
				D94B6075264E557100F0E004 /* SceneDelegate.swift in Sources */,
			);
			runOnlyForDeploymentPostprocessing = 0;
		};
/* End PBXSourcesBuildPhase section */

/* Begin PBXVariantGroup section */
		D94B6078264E557100F0E004 /* Main.storyboard */ = {
			isa = PBXVariantGroup;
			children = (
				D94B6079264E557100F0E004 /* Base */,
			);
			name = Main.storyboard;
			sourceTree = "<group>";
		};
		D94B607D264E557200F0E004 /* LaunchScreen.storyboard */ = {
			isa = PBXVariantGroup;
			children = (
				D94B607E264E557200F0E004 /* Base */,
			);
			name = LaunchScreen.storyboard;
			sourceTree = "<group>";
		};
/* End PBXVariantGroup section */

/* Begin XCBuildConfiguration section */
		D94B6081264E557200F0E004 /* Debug */ = {
			isa = XCBuildConfiguration;
			buildSettings = {
				ALWAYS_SEARCH_USER_PATHS = NO;
				CLANG_ANALYZER_NONNULL = YES;
				CLANG_ANALYZER_NUMBER_OBJECT_CONVERSION = YES_AGGRESSIVE;
				CLANG_CXX_LANGUAGE_STANDARD = "gnu++14";
				CLANG_CXX_LIBRARY = "libc++";
				CLANG_ENABLE_MODULES = YES;
				CLANG_ENABLE_OBJC_ARC = YES;
				CLANG_ENABLE_OBJC_WEAK = YES;
				CLANG_WARN_BLOCK_CAPTURE_AUTORELEASING = YES;
				CLANG_WARN_BOOL_CONVERSION = YES;
				CLANG_WARN_COMMA = YES;
				CLANG_WARN_CONSTANT_CONVERSION = YES;
				CLANG_WARN_DEPRECATED_OBJC_IMPLEMENTATIONS = YES;
				CLANG_WARN_DIRECT_OBJC_ISA_USAGE = YES_ERROR;
				CLANG_WARN_DOCUMENTATION_COMMENTS = YES;
				CLANG_WARN_EMPTY_BODY = YES;
				CLANG_WARN_ENUM_CONVERSION = YES;
				CLANG_WARN_INFINITE_RECURSION = YES;
				CLANG_WARN_INT_CONVERSION = YES;
				CLANG_WARN_NON_LITERAL_NULL_CONVERSION = YES;
				CLANG_WARN_OBJC_IMPLICIT_RETAIN_SELF = YES;
				CLANG_WARN_OBJC_LITERAL_CONVERSION = YES;
				CLANG_WARN_OBJC_ROOT_CLASS = YES_ERROR;
				CLANG_WARN_QUOTED_INCLUDE_IN_FRAMEWORK_HEADER = YES;
				CLANG_WARN_RANGE_LOOP_ANALYSIS = YES;
				CLANG_WARN_STRICT_PROTOTYPES = YES;
				CLANG_WARN_SUSPICIOUS_MOVE = YES;
				CLANG_WARN_UNGUARDED_AVAILABILITY = YES_AGGRESSIVE;
				CLANG_WARN_UNREACHABLE_CODE = YES;
				CLANG_WARN__DUPLICATE_METHOD_MATCH = YES;
				COPY_PHASE_STRIP = NO;
				DEBUG_INFORMATION_FORMAT = dwarf;
				ENABLE_STRICT_OBJC_MSGSEND = YES;
				ENABLE_TESTABILITY = YES;
				GCC_C_LANGUAGE_STANDARD = gnu11;
				GCC_DYNAMIC_NO_PIC = NO;
				GCC_NO_COMMON_BLOCKS = YES;
				GCC_OPTIMIZATION_LEVEL = 0;
				GCC_PREPROCESSOR_DEFINITIONS = (
					"DEBUG=1",
					"$(inherited)",
				);
				GCC_WARN_64_TO_32_BIT_CONVERSION = YES;
				GCC_WARN_ABOUT_RETURN_TYPE = YES_ERROR;
				GCC_WARN_UNDECLARED_SELECTOR = YES;
				GCC_WARN_UNINITIALIZED_AUTOS = YES_AGGRESSIVE;
				GCC_WARN_UNUSED_FUNCTION = YES;
				GCC_WARN_UNUSED_VARIABLE = YES;
				IPHONEOS_DEPLOYMENT_TARGET = 14.5;
				MTL_ENABLE_DEBUG_INFO = INCLUDE_SOURCE;
				MTL_FAST_MATH = YES;
				ONLY_ACTIVE_ARCH = YES;
				SDKROOT = iphoneos;
				SWIFT_ACTIVE_COMPILATION_CONDITIONS = DEBUG;
				SWIFT_OPTIMIZATION_LEVEL = "-Onone";
			};
			name = Debug;
		};
		D94B6082264E557200F0E004 /* Release */ = {
			isa = XCBuildConfiguration;
			buildSettings = {
				ALWAYS_SEARCH_USER_PATHS = NO;
				CLANG_ANALYZER_NONNULL = YES;
				CLANG_ANALYZER_NUMBER_OBJECT_CONVERSION = YES_AGGRESSIVE;
				CLANG_CXX_LANGUAGE_STANDARD = "gnu++14";
				CLANG_CXX_LIBRARY = "libc++";
				CLANG_ENABLE_MODULES = YES;
				CLANG_ENABLE_OBJC_ARC = YES;
				CLANG_ENABLE_OBJC_WEAK = YES;
				CLANG_WARN_BLOCK_CAPTURE_AUTORELEASING = YES;
				CLANG_WARN_BOOL_CONVERSION = YES;
				CLANG_WARN_COMMA = YES;
				CLANG_WARN_CONSTANT_CONVERSION = YES;
				CLANG_WARN_DEPRECATED_OBJC_IMPLEMENTATIONS = YES;
				CLANG_WARN_DIRECT_OBJC_ISA_USAGE = YES_ERROR;
				CLANG_WARN_DOCUMENTATION_COMMENTS = YES;
				CLANG_WARN_EMPTY_BODY = YES;
				CLANG_WARN_ENUM_CONVERSION = YES;
				CLANG_WARN_INFINITE_RECURSION = YES;
				CLANG_WARN_INT_CONVERSION = YES;
				CLANG_WARN_NON_LITERAL_NULL_CONVERSION = YES;
				CLANG_WARN_OBJC_IMPLICIT_RETAIN_SELF = YES;
				CLANG_WARN_OBJC_LITERAL_CONVERSION = YES;
				CLANG_WARN_OBJC_ROOT_CLASS = YES_ERROR;
				CLANG_WARN_QUOTED_INCLUDE_IN_FRAMEWORK_HEADER = YES;
				CLANG_WARN_RANGE_LOOP_ANALYSIS = YES;
				CLANG_WARN_STRICT_PROTOTYPES = YES;
				CLANG_WARN_SUSPICIOUS_MOVE = YES;
				CLANG_WARN_UNGUARDED_AVAILABILITY = YES_AGGRESSIVE;
				CLANG_WARN_UNREACHABLE_CODE = YES;
				CLANG_WARN__DUPLICATE_METHOD_MATCH = YES;
				COPY_PHASE_STRIP = NO;
				DEBUG_INFORMATION_FORMAT = "dwarf-with-dsym";
				ENABLE_NS_ASSERTIONS = NO;
				ENABLE_STRICT_OBJC_MSGSEND = YES;
				GCC_C_LANGUAGE_STANDARD = gnu11;
				GCC_NO_COMMON_BLOCKS = YES;
				GCC_WARN_64_TO_32_BIT_CONVERSION = YES;
				GCC_WARN_ABOUT_RETURN_TYPE = YES_ERROR;
				GCC_WARN_UNDECLARED_SELECTOR = YES;
				GCC_WARN_UNINITIALIZED_AUTOS = YES_AGGRESSIVE;
				GCC_WARN_UNUSED_FUNCTION = YES;
				GCC_WARN_UNUSED_VARIABLE = YES;
				IPHONEOS_DEPLOYMENT_TARGET = 14.5;
				MTL_ENABLE_DEBUG_INFO = NO;
				MTL_FAST_MATH = YES;
				SDKROOT = iphoneos;
				SWIFT_COMPILATION_MODE = wholemodule;
				SWIFT_OPTIMIZATION_LEVEL = "-O";
				VALIDATE_PRODUCT = YES;
			};
			name = Release;
		};
		D94B6084264E557200F0E004 /* Debug */ = {
			isa = XCBuildConfiguration;
			buildSettings = {
				ASSETCATALOG_COMPILER_APPICON_NAME = AppIcon;
				ASSETCATALOG_COMPILER_GLOBAL_ACCENT_COLOR_NAME = AccentColor;
				CODE_SIGN_STYLE = Automatic;
				DEVELOPMENT_TEAM = G7LV6N67KJ;
				INFOPLIST_FILE = questionQNA/Info.plist;
				LD_RUNPATH_SEARCH_PATHS = (
					"$(inherited)",
					"@executable_path/Frameworks",
				);
				PRODUCT_BUNDLE_IDENTIFIER = com.ZHI.questionQNA;
				PRODUCT_NAME = "$(TARGET_NAME)";
				SWIFT_VERSION = 5.0;
				TARGETED_DEVICE_FAMILY = 1;
			};
			name = Debug;
		};
		D94B6085264E557200F0E004 /* Release */ = {
			isa = XCBuildConfiguration;
			buildSettings = {
				ASSETCATALOG_COMPILER_APPICON_NAME = AppIcon;
				ASSETCATALOG_COMPILER_GLOBAL_ACCENT_COLOR_NAME = AccentColor;
				CODE_SIGN_STYLE = Automatic;
				DEVELOPMENT_TEAM = G7LV6N67KJ;
				INFOPLIST_FILE = questionQNA/Info.plist;
				LD_RUNPATH_SEARCH_PATHS = (
					"$(inherited)",
					"@executable_path/Frameworks",
				);
				PRODUCT_BUNDLE_IDENTIFIER = com.ZHI.questionQNA;
				PRODUCT_NAME = "$(TARGET_NAME)";
				SWIFT_VERSION = 5.0;
				TARGETED_DEVICE_FAMILY = 1;
			};
			name = Release;
		};
/* End XCBuildConfiguration section */

/* Begin XCConfigurationList section */
		D94B606A264E557100F0E004 /* Build configuration list for PBXProject "questionQNA" */ = {
			isa = XCConfigurationList;
			buildConfigurations = (
				D94B6081264E557200F0E004 /* Debug */,
				D94B6082264E557200F0E004 /* Release */,
			);
			defaultConfigurationIsVisible = 0;
			defaultConfigurationName = Release;
		};
		D94B6083264E557200F0E004 /* Build configuration list for PBXNativeTarget "questionQNA" */ = {
			isa = XCConfigurationList;
			buildConfigurations = (
				D94B6084264E557200F0E004 /* Debug */,
				D94B6085264E557200F0E004 /* Release */,
			);
			defaultConfigurationIsVisible = 0;
			defaultConfigurationName = Release;
		};
/* End XCConfigurationList section */
	};
	rootObject = D94B6067264E557100F0E004 /* Project object */;
}
